// !$*UTF8*$!
{
	archiveVersion = 1;
	classes = {
	};
	objectVersion = 55;
	objects = {

/* Begin PBXBuildFile section */
		048FDFD828596DB1001C7452 /* FeedBackMessageCell.swift in Sources */ = {isa = PBXBuildFile; fileRef = 048FDFD628596DB1001C7452 /* FeedBackMessageCell.swift */; };
		048FDFD928596DB1001C7452 /* FeedBackMessageCell.xib in Resources */ = {isa = PBXBuildFile; fileRef = 048FDFD728596DB1001C7452 /* FeedBackMessageCell.xib */; };
		048FDFDC28597871001C7452 /* FeedBackHSRatingChatView.swift in Sources */ = {isa = PBXBuildFile; fileRef = 048FDFDA28597871001C7452 /* FeedBackHSRatingChatView.swift */; };
		048FDFDF285978F5001C7452 /* FeedBackHSRatingChatView.xib in Resources */ = {isa = PBXBuildFile; fileRef = 048FDFDE285978F5001C7452 /* FeedBackHSRatingChatView.xib */; };
		048FDFE1285979D6001C7452 /* FeedBackRatingChatViewModel.swift in Sources */ = {isa = PBXBuildFile; fileRef = 048FDFE0285979D6001C7452 /* FeedBackRatingChatViewModel.swift */; };
		048FDFE428597D75001C7452 /* FeedBackScheduleChatCell.xib in Resources */ = {isa = PBXBuildFile; fileRef = 048FDFE228597D75001C7452 /* FeedBackScheduleChatCell.xib */; };
		048FDFE528597D75001C7452 /* FeedBackScheduleChatCell.swift in Sources */ = {isa = PBXBuildFile; fileRef = 048FDFE328597D75001C7452 /* FeedBackScheduleChatCell.swift */; };
		048FDFE8285982B7001C7452 /* FeedBackHSRatingOveralView.xib in Resources */ = {isa = PBXBuildFile; fileRef = 048FDFE6285982B7001C7452 /* FeedBackHSRatingOveralView.xib */; };
		048FDFE9285982B7001C7452 /* FeedBackHSRatingOveralView.swift in Sources */ = {isa = PBXBuildFile; fileRef = 048FDFE7285982B7001C7452 /* FeedBackHSRatingOveralView.swift */; };
		048FDFEB28598499001C7452 /* FeedBackRatingOveralViewModel.swift in Sources */ = {isa = PBXBuildFile; fileRef = 048FDFEA28598499001C7452 /* FeedBackRatingOveralViewModel.swift */; };
		048FDFEE285986C8001C7452 /* FeedBackScheduleRatingOveralCell.xib in Resources */ = {isa = PBXBuildFile; fileRef = 048FDFEC285986C8001C7452 /* FeedBackScheduleRatingOveralCell.xib */; };
		048FDFEF285986C8001C7452 /* FeedBackScheduleRatingOveralCell.swift in Sources */ = {isa = PBXBuildFile; fileRef = 048FDFED285986C8001C7452 /* FeedBackScheduleRatingOveralCell.swift */; };
		04A4C4A9285990E10001587C /* FeedBackHeaderRatingOveralCell.swift in Sources */ = {isa = PBXBuildFile; fileRef = 04A4C4A7285990E10001587C /* FeedBackHeaderRatingOveralCell.swift */; };
		04A4C4AA285990E10001587C /* FeedBackHeaderRatingOveralCell.xib in Resources */ = {isa = PBXBuildFile; fileRef = 04A4C4A8285990E10001587C /* FeedBackHeaderRatingOveralCell.xib */; };
		04A72BBD28584CF70066F67C /* FeedBackHeaderCell.swift in Sources */ = {isa = PBXBuildFile; fileRef = 04A72BBB28584CF70066F67C /* FeedBackHeaderCell.swift */; };
		04A72BBE28584CF70066F67C /* FeedBackHeaderCell.xib in Resources */ = {isa = PBXBuildFile; fileRef = 04A72BBC28584CF70066F67C /* FeedBackHeaderCell.xib */; };
		04A72BC1285865330066F67C /* FeedBackScheduleCell.swift in Sources */ = {isa = PBXBuildFile; fileRef = 04A72BBF285865330066F67C /* FeedBackScheduleCell.swift */; };
		04A72BC2285865330066F67C /* FeedBackScheduleCell.xib in Resources */ = {isa = PBXBuildFile; fileRef = 04A72BC0285865330066F67C /* FeedBackScheduleCell.xib */; };
		04A72BC528586C4E0066F67C /* FeedBackStarCell.swift in Sources */ = {isa = PBXBuildFile; fileRef = 04A72BC328586C4E0066F67C /* FeedBackStarCell.swift */; };
		04A72BC628586C4E0066F67C /* FeedBackStarCell.xib in Resources */ = {isa = PBXBuildFile; fileRef = 04A72BC428586C4E0066F67C /* FeedBackStarCell.xib */; };
		04AEE8122859460800E5B94D /* FeedBackViewModel.swift in Sources */ = {isa = PBXBuildFile; fileRef = 04AEE8112859460800E5B94D /* FeedBackViewModel.swift */; };
		04AEE81528594FE000E5B94D /* FeedBackAdviceCell.swift in Sources */ = {isa = PBXBuildFile; fileRef = 04AEE81328594FE000E5B94D /* FeedBackAdviceCell.swift */; };
		04AEE81628594FE000E5B94D /* FeedBackAdviceCell.xib in Resources */ = {isa = PBXBuildFile; fileRef = 04AEE81428594FE000E5B94D /* FeedBackAdviceCell.xib */; };
		04B478242858D28A0089575D /* FeedBackHeaderAdviceCell.swift in Sources */ = {isa = PBXBuildFile; fileRef = 04B478222858D28A0089575D /* FeedBackHeaderAdviceCell.swift */; };
		04B478252858D28A0089575D /* FeedBackHeaderAdviceCell.xib in Resources */ = {isa = PBXBuildFile; fileRef = 04B478232858D28A0089575D /* FeedBackHeaderAdviceCell.xib */; };
		04B478282858DB7E0089575D /* FeedBackActionCell.swift in Sources */ = {isa = PBXBuildFile; fileRef = 04B478262858DB7E0089575D /* FeedBackActionCell.swift */; };
		04B478292858DB7E0089575D /* FeedBackActionCell.xib in Resources */ = {isa = PBXBuildFile; fileRef = 04B478272858DB7E0089575D /* FeedBackActionCell.xib */; };
		04F33EE7285739A400DBFC28 /* AppDelegate.swift in Sources */ = {isa = PBXBuildFile; fileRef = 04F33EE6285739A400DBFC28 /* AppDelegate.swift */; };
		04F33EE9285739A400DBFC28 /* SceneDelegate.swift in Sources */ = {isa = PBXBuildFile; fileRef = 04F33EE8285739A400DBFC28 /* SceneDelegate.swift */; };
		04F33EEB285739A400DBFC28 /* ViewController.swift in Sources */ = {isa = PBXBuildFile; fileRef = 04F33EEA285739A400DBFC28 /* ViewController.swift */; };
		04F33EEE285739A400DBFC28 /* Main.storyboard in Resources */ = {isa = PBXBuildFile; fileRef = 04F33EEC285739A400DBFC28 /* Main.storyboard */; };
		04F33EF0285739A700DBFC28 /* Assets.xcassets in Resources */ = {isa = PBXBuildFile; fileRef = 04F33EEF285739A700DBFC28 /* Assets.xcassets */; };
		04F33EF3285739A700DBFC28 /* LaunchScreen.storyboard in Resources */ = {isa = PBXBuildFile; fileRef = 04F33EF1285739A700DBFC28 /* LaunchScreen.storyboard */; };
		04F33EFE285739A700DBFC28 /* BU_ProdiaTests.swift in Sources */ = {isa = PBXBuildFile; fileRef = 04F33EFD285739A700DBFC28 /* BU_ProdiaTests.swift */; };
		04F33F08285739A800DBFC28 /* BU_ProdiaUITests.swift in Sources */ = {isa = PBXBuildFile; fileRef = 04F33F07285739A800DBFC28 /* BU_ProdiaUITests.swift */; };
		04F33F0A285739A800DBFC28 /* BU_ProdiaUITestsLaunchTests.swift in Sources */ = {isa = PBXBuildFile; fileRef = 04F33F09285739A800DBFC28 /* BU_ProdiaUITestsLaunchTests.swift */; };
		04F33F1828573C1300DBFC28 /* FeedBackHSView.swift in Sources */ = {isa = PBXBuildFile; fileRef = 04F33F1628573C1300DBFC28 /* FeedBackHSView.swift */; };
		04F33F1928573C1300DBFC28 /* FeedBackHSView.xib in Resources */ = {isa = PBXBuildFile; fileRef = 04F33F1728573C1300DBFC28 /* FeedBackHSView.xib */; };
		4FD1B58B043A6CFDDF4F0839 /* Pods_BU_ProdiaTests.framework in Frameworks */ = {isa = PBXBuildFile; fileRef = 76520F9ADA60CF72954DF87A /* Pods_BU_ProdiaTests.framework */; };
		5233CD186DA57E25857447B8 /* Pods_BU_Prodia.framework in Frameworks */ = {isa = PBXBuildFile; fileRef = C9425A47DC55A14D3E1C1C8E /* Pods_BU_Prodia.framework */; };
		FF25B11F76ED41D6EFFF36DD /* Pods_BU_Prodia_BU_ProdiaUITests.framework in Frameworks */ = {isa = PBXBuildFile; fileRef = 1D8BC126EE060D4564150B31 /* Pods_BU_Prodia_BU_ProdiaUITests.framework */; };
/* End PBXBuildFile section */

/* Begin PBXContainerItemProxy section */
		04F33EFA285739A700DBFC28 /* PBXContainerItemProxy */ = {
			isa = PBXContainerItemProxy;
			containerPortal = 04F33EDB285739A400DBFC28 /* Project object */;
			proxyType = 1;
			remoteGlobalIDString = 04F33EE2285739A400DBFC28;
			remoteInfo = "BU-Prodia";
		};
		04F33F04285739A800DBFC28 /* PBXContainerItemProxy */ = {
			isa = PBXContainerItemProxy;
			containerPortal = 04F33EDB285739A400DBFC28 /* Project object */;
			proxyType = 1;
			remoteGlobalIDString = 04F33EE2285739A400DBFC28;
			remoteInfo = "BU-Prodia";
		};
/* End PBXContainerItemProxy section */

/* Begin PBXFileReference section */
		042342732F0639E54455ECE6 /* Pods-BU-Prodia.debug.xcconfig */ = {isa = PBXFileReference; includeInIndex = 1; lastKnownFileType = text.xcconfig; name = "Pods-BU-Prodia.debug.xcconfig"; path = "Target Support Files/Pods-BU-Prodia/Pods-BU-Prodia.debug.xcconfig"; sourceTree = "<group>"; };
		048FDFD628596DB1001C7452 /* FeedBackMessageCell.swift */ = {isa = PBXFileReference; lastKnownFileType = sourcecode.swift; path = FeedBackMessageCell.swift; sourceTree = "<group>"; };
		048FDFD728596DB1001C7452 /* FeedBackMessageCell.xib */ = {isa = PBXFileReference; lastKnownFileType = file.xib; path = FeedBackMessageCell.xib; sourceTree = "<group>"; };
		048FDFDA28597871001C7452 /* FeedBackHSRatingChatView.swift */ = {isa = PBXFileReference; lastKnownFileType = sourcecode.swift; path = FeedBackHSRatingChatView.swift; sourceTree = "<group>"; };
		048FDFDE285978F5001C7452 /* FeedBackHSRatingChatView.xib */ = {isa = PBXFileReference; fileEncoding = 4; lastKnownFileType = file.xib; path = FeedBackHSRatingChatView.xib; sourceTree = "<group>"; };
		048FDFE0285979D6001C7452 /* FeedBackRatingChatViewModel.swift */ = {isa = PBXFileReference; fileEncoding = 4; lastKnownFileType = sourcecode.swift; path = FeedBackRatingChatViewModel.swift; sourceTree = "<group>"; };
		048FDFE228597D75001C7452 /* FeedBackScheduleChatCell.xib */ = {isa = PBXFileReference; fileEncoding = 4; lastKnownFileType = file.xib; path = FeedBackScheduleChatCell.xib; sourceTree = "<group>"; };
		048FDFE328597D75001C7452 /* FeedBackScheduleChatCell.swift */ = {isa = PBXFileReference; fileEncoding = 4; lastKnownFileType = sourcecode.swift; path = FeedBackScheduleChatCell.swift; sourceTree = "<group>"; };
		048FDFE6285982B7001C7452 /* FeedBackHSRatingOveralView.xib */ = {isa = PBXFileReference; fileEncoding = 4; lastKnownFileType = file.xib; path = FeedBackHSRatingOveralView.xib; sourceTree = "<group>"; };
		048FDFE7285982B7001C7452 /* FeedBackHSRatingOveralView.swift */ = {isa = PBXFileReference; fileEncoding = 4; lastKnownFileType = sourcecode.swift; path = FeedBackHSRatingOveralView.swift; sourceTree = "<group>"; };
		048FDFEA28598499001C7452 /* FeedBackRatingOveralViewModel.swift */ = {isa = PBXFileReference; fileEncoding = 4; lastKnownFileType = sourcecode.swift; path = FeedBackRatingOveralViewModel.swift; sourceTree = "<group>"; };
		048FDFEC285986C8001C7452 /* FeedBackScheduleRatingOveralCell.xib */ = {isa = PBXFileReference; fileEncoding = 4; lastKnownFileType = file.xib; path = FeedBackScheduleRatingOveralCell.xib; sourceTree = "<group>"; };
		048FDFED285986C8001C7452 /* FeedBackScheduleRatingOveralCell.swift */ = {isa = PBXFileReference; fileEncoding = 4; lastKnownFileType = sourcecode.swift; path = FeedBackScheduleRatingOveralCell.swift; sourceTree = "<group>"; };
		04A4C4A7285990E10001587C /* FeedBackHeaderRatingOveralCell.swift */ = {isa = PBXFileReference; fileEncoding = 4; lastKnownFileType = sourcecode.swift; path = FeedBackHeaderRatingOveralCell.swift; sourceTree = "<group>"; };
		04A4C4A8285990E10001587C /* FeedBackHeaderRatingOveralCell.xib */ = {isa = PBXFileReference; fileEncoding = 4; lastKnownFileType = file.xib; path = FeedBackHeaderRatingOveralCell.xib; sourceTree = "<group>"; };
		04A72BBB28584CF70066F67C /* FeedBackHeaderCell.swift */ = {isa = PBXFileReference; lastKnownFileType = sourcecode.swift; path = FeedBackHeaderCell.swift; sourceTree = "<group>"; };
		04A72BBC28584CF70066F67C /* FeedBackHeaderCell.xib */ = {isa = PBXFileReference; lastKnownFileType = file.xib; path = FeedBackHeaderCell.xib; sourceTree = "<group>"; };
		04A72BBF285865330066F67C /* FeedBackScheduleCell.swift */ = {isa = PBXFileReference; lastKnownFileType = sourcecode.swift; path = FeedBackScheduleCell.swift; sourceTree = "<group>"; };
		04A72BC0285865330066F67C /* FeedBackScheduleCell.xib */ = {isa = PBXFileReference; lastKnownFileType = file.xib; path = FeedBackScheduleCell.xib; sourceTree = "<group>"; };
		04A72BC328586C4E0066F67C /* FeedBackStarCell.swift */ = {isa = PBXFileReference; lastKnownFileType = sourcecode.swift; path = FeedBackStarCell.swift; sourceTree = "<group>"; };
		04A72BC428586C4E0066F67C /* FeedBackStarCell.xib */ = {isa = PBXFileReference; lastKnownFileType = file.xib; path = FeedBackStarCell.xib; sourceTree = "<group>"; };
		04AEE8112859460800E5B94D /* FeedBackViewModel.swift */ = {isa = PBXFileReference; lastKnownFileType = sourcecode.swift; path = FeedBackViewModel.swift; sourceTree = "<group>"; };
		04AEE81328594FE000E5B94D /* FeedBackAdviceCell.swift */ = {isa = PBXFileReference; lastKnownFileType = sourcecode.swift; path = FeedBackAdviceCell.swift; sourceTree = "<group>"; };
		04AEE81428594FE000E5B94D /* FeedBackAdviceCell.xib */ = {isa = PBXFileReference; lastKnownFileType = file.xib; path = FeedBackAdviceCell.xib; sourceTree = "<group>"; };
		04B478222858D28A0089575D /* FeedBackHeaderAdviceCell.swift */ = {isa = PBXFileReference; lastKnownFileType = sourcecode.swift; path = FeedBackHeaderAdviceCell.swift; sourceTree = "<group>"; };
		04B478232858D28A0089575D /* FeedBackHeaderAdviceCell.xib */ = {isa = PBXFileReference; lastKnownFileType = file.xib; path = FeedBackHeaderAdviceCell.xib; sourceTree = "<group>"; };
		04B478262858DB7E0089575D /* FeedBackActionCell.swift */ = {isa = PBXFileReference; lastKnownFileType = sourcecode.swift; path = FeedBackActionCell.swift; sourceTree = "<group>"; };
		04B478272858DB7E0089575D /* FeedBackActionCell.xib */ = {isa = PBXFileReference; lastKnownFileType = file.xib; path = FeedBackActionCell.xib; sourceTree = "<group>"; };
		04F33EE3285739A400DBFC28 /* BU-Prodia.app */ = {isa = PBXFileReference; explicitFileType = wrapper.application; includeInIndex = 0; path = "BU-Prodia.app"; sourceTree = BUILT_PRODUCTS_DIR; };
		04F33EE6285739A400DBFC28 /* AppDelegate.swift */ = {isa = PBXFileReference; lastKnownFileType = sourcecode.swift; path = AppDelegate.swift; sourceTree = "<group>"; };
		04F33EE8285739A400DBFC28 /* SceneDelegate.swift */ = {isa = PBXFileReference; lastKnownFileType = sourcecode.swift; path = SceneDelegate.swift; sourceTree = "<group>"; };
		04F33EEA285739A400DBFC28 /* ViewController.swift */ = {isa = PBXFileReference; lastKnownFileType = sourcecode.swift; path = ViewController.swift; sourceTree = "<group>"; };
		04F33EED285739A400DBFC28 /* Base */ = {isa = PBXFileReference; lastKnownFileType = file.storyboard; name = Base; path = Base.lproj/Main.storyboard; sourceTree = "<group>"; };
		04F33EEF285739A700DBFC28 /* Assets.xcassets */ = {isa = PBXFileReference; lastKnownFileType = folder.assetcatalog; path = Assets.xcassets; sourceTree = "<group>"; };
		04F33EF2285739A700DBFC28 /* Base */ = {isa = PBXFileReference; lastKnownFileType = file.storyboard; name = Base; path = Base.lproj/LaunchScreen.storyboard; sourceTree = "<group>"; };
		04F33EF4285739A700DBFC28 /* Info.plist */ = {isa = PBXFileReference; lastKnownFileType = text.plist.xml; path = Info.plist; sourceTree = "<group>"; };
		04F33EF9285739A700DBFC28 /* BU-ProdiaTests.xctest */ = {isa = PBXFileReference; explicitFileType = wrapper.cfbundle; includeInIndex = 0; path = "BU-ProdiaTests.xctest"; sourceTree = BUILT_PRODUCTS_DIR; };
		04F33EFD285739A700DBFC28 /* BU_ProdiaTests.swift */ = {isa = PBXFileReference; lastKnownFileType = sourcecode.swift; path = BU_ProdiaTests.swift; sourceTree = "<group>"; };
		04F33F03285739A800DBFC28 /* BU-ProdiaUITests.xctest */ = {isa = PBXFileReference; explicitFileType = wrapper.cfbundle; includeInIndex = 0; path = "BU-ProdiaUITests.xctest"; sourceTree = BUILT_PRODUCTS_DIR; };
		04F33F07285739A800DBFC28 /* BU_ProdiaUITests.swift */ = {isa = PBXFileReference; lastKnownFileType = sourcecode.swift; path = BU_ProdiaUITests.swift; sourceTree = "<group>"; };
		04F33F09285739A800DBFC28 /* BU_ProdiaUITestsLaunchTests.swift */ = {isa = PBXFileReference; lastKnownFileType = sourcecode.swift; path = BU_ProdiaUITestsLaunchTests.swift; sourceTree = "<group>"; };
		04F33F1628573C1300DBFC28 /* FeedBackHSView.swift */ = {isa = PBXFileReference; lastKnownFileType = sourcecode.swift; path = FeedBackHSView.swift; sourceTree = "<group>"; };
		04F33F1728573C1300DBFC28 /* FeedBackHSView.xib */ = {isa = PBXFileReference; lastKnownFileType = file.xib; path = FeedBackHSView.xib; sourceTree = "<group>"; };
		16B988ACE9F28C8CF9C94204 /* Pods-BU-Prodia-BU-ProdiaUITests.release.xcconfig */ = {isa = PBXFileReference; includeInIndex = 1; lastKnownFileType = text.xcconfig; name = "Pods-BU-Prodia-BU-ProdiaUITests.release.xcconfig"; path = "Target Support Files/Pods-BU-Prodia-BU-ProdiaUITests/Pods-BU-Prodia-BU-ProdiaUITests.release.xcconfig"; sourceTree = "<group>"; };
		1D8BC126EE060D4564150B31 /* Pods_BU_Prodia_BU_ProdiaUITests.framework */ = {isa = PBXFileReference; explicitFileType = wrapper.framework; includeInIndex = 0; path = Pods_BU_Prodia_BU_ProdiaUITests.framework; sourceTree = BUILT_PRODUCTS_DIR; };
		26D0EAC9BC3324FD1475B998 /* Pods-BU-ProdiaTests.debug.xcconfig */ = {isa = PBXFileReference; includeInIndex = 1; lastKnownFileType = text.xcconfig; name = "Pods-BU-ProdiaTests.debug.xcconfig"; path = "Target Support Files/Pods-BU-ProdiaTests/Pods-BU-ProdiaTests.debug.xcconfig"; sourceTree = "<group>"; };
		76520F9ADA60CF72954DF87A /* Pods_BU_ProdiaTests.framework */ = {isa = PBXFileReference; explicitFileType = wrapper.framework; includeInIndex = 0; path = Pods_BU_ProdiaTests.framework; sourceTree = BUILT_PRODUCTS_DIR; };
		8C1F2D5DE860F075BA52A9F3 /* Pods-BU-ProdiaTests.release.xcconfig */ = {isa = PBXFileReference; includeInIndex = 1; lastKnownFileType = text.xcconfig; name = "Pods-BU-ProdiaTests.release.xcconfig"; path = "Target Support Files/Pods-BU-ProdiaTests/Pods-BU-ProdiaTests.release.xcconfig"; sourceTree = "<group>"; };
		8F7E080F8ABCE7FDC02186AC /* Pods-BU-Prodia.release.xcconfig */ = {isa = PBXFileReference; includeInIndex = 1; lastKnownFileType = text.xcconfig; name = "Pods-BU-Prodia.release.xcconfig"; path = "Target Support Files/Pods-BU-Prodia/Pods-BU-Prodia.release.xcconfig"; sourceTree = "<group>"; };
		C9425A47DC55A14D3E1C1C8E /* Pods_BU_Prodia.framework */ = {isa = PBXFileReference; explicitFileType = wrapper.framework; includeInIndex = 0; path = Pods_BU_Prodia.framework; sourceTree = BUILT_PRODUCTS_DIR; };
		CA52E75D1B0C4A63FDC88CAE /* Pods-BU-Prodia-BU-ProdiaUITests.debug.xcconfig */ = {isa = PBXFileReference; includeInIndex = 1; lastKnownFileType = text.xcconfig; name = "Pods-BU-Prodia-BU-ProdiaUITests.debug.xcconfig"; path = "Target Support Files/Pods-BU-Prodia-BU-ProdiaUITests/Pods-BU-Prodia-BU-ProdiaUITests.debug.xcconfig"; sourceTree = "<group>"; };
/* End PBXFileReference section */

/* Begin PBXFrameworksBuildPhase section */
		04F33EE0285739A400DBFC28 /* Frameworks */ = {
			isa = PBXFrameworksBuildPhase;
			buildActionMask = 2147483647;
			files = (
				5233CD186DA57E25857447B8 /* Pods_BU_Prodia.framework in Frameworks */,
			);
			runOnlyForDeploymentPostprocessing = 0;
		};
		04F33EF6285739A700DBFC28 /* Frameworks */ = {
			isa = PBXFrameworksBuildPhase;
			buildActionMask = 2147483647;
			files = (
				4FD1B58B043A6CFDDF4F0839 /* Pods_BU_ProdiaTests.framework in Frameworks */,
			);
			runOnlyForDeploymentPostprocessing = 0;
		};
		04F33F00285739A800DBFC28 /* Frameworks */ = {
			isa = PBXFrameworksBuildPhase;
			buildActionMask = 2147483647;
			files = (
				FF25B11F76ED41D6EFFF36DD /* Pods_BU_Prodia_BU_ProdiaUITests.framework in Frameworks */,
			);
			runOnlyForDeploymentPostprocessing = 0;
		};
/* End PBXFrameworksBuildPhase section */

/* Begin PBXGroup section */
		04A72BBA28584CD30066F67C /* Cell */ = {
			isa = PBXGroup;
			children = (
				04A4C4A7285990E10001587C /* FeedBackHeaderRatingOveralCell.swift */,
				04A4C4A8285990E10001587C /* FeedBackHeaderRatingOveralCell.xib */,
				048FDFED285986C8001C7452 /* FeedBackScheduleRatingOveralCell.swift */,
				048FDFEC285986C8001C7452 /* FeedBackScheduleRatingOveralCell.xib */,
				048FDFE328597D75001C7452 /* FeedBackScheduleChatCell.swift */,
				048FDFE228597D75001C7452 /* FeedBackScheduleChatCell.xib */,
				04A72BBB28584CF70066F67C /* FeedBackHeaderCell.swift */,
				04A72BBC28584CF70066F67C /* FeedBackHeaderCell.xib */,
				04A72BBF285865330066F67C /* FeedBackScheduleCell.swift */,
				04A72BC0285865330066F67C /* FeedBackScheduleCell.xib */,
				04A72BC328586C4E0066F67C /* FeedBackStarCell.swift */,
				04A72BC428586C4E0066F67C /* FeedBackStarCell.xib */,
				04B478222858D28A0089575D /* FeedBackHeaderAdviceCell.swift */,
				04B478232858D28A0089575D /* FeedBackHeaderAdviceCell.xib */,
				04B478262858DB7E0089575D /* FeedBackActionCell.swift */,
				04B478272858DB7E0089575D /* FeedBackActionCell.xib */,
				04AEE81328594FE000E5B94D /* FeedBackAdviceCell.swift */,
				04AEE81428594FE000E5B94D /* FeedBackAdviceCell.xib */,
				048FDFD628596DB1001C7452 /* FeedBackMessageCell.swift */,
				048FDFD728596DB1001C7452 /* FeedBackMessageCell.xib */,
			);
			path = Cell;
			sourceTree = "<group>";
		};
		04F33EDA285739A400DBFC28 = {
			isa = PBXGroup;
			children = (
				04F33EE5285739A400DBFC28 /* BU-Prodia */,
				04F33EFC285739A700DBFC28 /* BU-ProdiaTests */,
				04F33F06285739A800DBFC28 /* BU-ProdiaUITests */,
				04F33EE4285739A400DBFC28 /* Products */,
				2452A4465107C2D70D1912DA /* Pods */,
				0BF8B8E2D4ABCFAFE2CD1F57 /* Frameworks */,
			);
			sourceTree = "<group>";
		};
		04F33EE4285739A400DBFC28 /* Products */ = {
			isa = PBXGroup;
			children = (
				04F33EE3285739A400DBFC28 /* BU-Prodia.app */,
				04F33EF9285739A700DBFC28 /* BU-ProdiaTests.xctest */,
				04F33F03285739A800DBFC28 /* BU-ProdiaUITests.xctest */,
			);
			name = Products;
			sourceTree = "<group>";
		};
		04F33EE5285739A400DBFC28 /* BU-Prodia */ = {
			isa = PBXGroup;
			children = (
				04A72BBA28584CD30066F67C /* Cell */,
				04F33EE6285739A400DBFC28 /* AppDelegate.swift */,
				04F33EE8285739A400DBFC28 /* SceneDelegate.swift */,
				04F33EEA285739A400DBFC28 /* ViewController.swift */,
				04F33EEC285739A400DBFC28 /* Main.storyboard */,
				04F33EEF285739A700DBFC28 /* Assets.xcassets */,
				04F33EF1285739A700DBFC28 /* LaunchScreen.storyboard */,
				04F33EF4285739A700DBFC28 /* Info.plist */,
				048FDFE7285982B7001C7452 /* FeedBackHSRatingOveralView.swift */,
				048FDFE6285982B7001C7452 /* FeedBackHSRatingOveralView.xib */,
				04F33F1628573C1300DBFC28 /* FeedBackHSView.swift */,
				04F33F1728573C1300DBFC28 /* FeedBackHSView.xib */,
				048FDFDA28597871001C7452 /* FeedBackHSRatingChatView.swift */,
				048FDFDE285978F5001C7452 /* FeedBackHSRatingChatView.xib */,
				04AEE8112859460800E5B94D /* FeedBackViewModel.swift */,
				048FDFEA28598499001C7452 /* FeedBackRatingOveralViewModel.swift */,
				048FDFE0285979D6001C7452 /* FeedBackRatingChatViewModel.swift */,
			);
			path = "BU-Prodia";
			sourceTree = "<group>";
		};
		04F33EFC285739A700DBFC28 /* BU-ProdiaTests */ = {
			isa = PBXGroup;
			children = (
				04F33EFD285739A700DBFC28 /* BU_ProdiaTests.swift */,
			);
			path = "BU-ProdiaTests";
			sourceTree = "<group>";
		};
		04F33F06285739A800DBFC28 /* BU-ProdiaUITests */ = {
			isa = PBXGroup;
			children = (
				04F33F07285739A800DBFC28 /* BU_ProdiaUITests.swift */,
				04F33F09285739A800DBFC28 /* BU_ProdiaUITestsLaunchTests.swift */,
			);
			path = "BU-ProdiaUITests";
			sourceTree = "<group>";
		};
		0BF8B8E2D4ABCFAFE2CD1F57 /* Frameworks */ = {
			isa = PBXGroup;
			children = (
				C9425A47DC55A14D3E1C1C8E /* Pods_BU_Prodia.framework */,
				1D8BC126EE060D4564150B31 /* Pods_BU_Prodia_BU_ProdiaUITests.framework */,
				76520F9ADA60CF72954DF87A /* Pods_BU_ProdiaTests.framework */,
			);
			name = Frameworks;
			sourceTree = "<group>";
		};
		2452A4465107C2D70D1912DA /* Pods */ = {
			isa = PBXGroup;
			children = (
				042342732F0639E54455ECE6 /* Pods-BU-Prodia.debug.xcconfig */,
				8F7E080F8ABCE7FDC02186AC /* Pods-BU-Prodia.release.xcconfig */,
				CA52E75D1B0C4A63FDC88CAE /* Pods-BU-Prodia-BU-ProdiaUITests.debug.xcconfig */,
				16B988ACE9F28C8CF9C94204 /* Pods-BU-Prodia-BU-ProdiaUITests.release.xcconfig */,
				26D0EAC9BC3324FD1475B998 /* Pods-BU-ProdiaTests.debug.xcconfig */,
				8C1F2D5DE860F075BA52A9F3 /* Pods-BU-ProdiaTests.release.xcconfig */,
			);
			path = Pods;
			sourceTree = "<group>";
		};
/* End PBXGroup section */

/* Begin PBXNativeTarget section */
		04F33EE2285739A400DBFC28 /* BU-Prodia */ = {
			isa = PBXNativeTarget;
			buildConfigurationList = 04F33F0D285739A800DBFC28 /* Build configuration list for PBXNativeTarget "BU-Prodia" */;
			buildPhases = (
				BB56B0D5C154C4D114C1E42E /* [CP] Check Pods Manifest.lock */,
				04F33EDF285739A400DBFC28 /* Sources */,
				04F33EE0285739A400DBFC28 /* Frameworks */,
				04F33EE1285739A400DBFC28 /* Resources */,
				C01A9CB06B4A15209560D10D /* [CP] Embed Pods Frameworks */,
			);
			buildRules = (
			);
			dependencies = (
			);
			name = "BU-Prodia";
			productName = "BU-Prodia";
			productReference = 04F33EE3285739A400DBFC28 /* BU-Prodia.app */;
			productType = "com.apple.product-type.application";
		};
		04F33EF8285739A700DBFC28 /* BU-ProdiaTests */ = {
			isa = PBXNativeTarget;
			buildConfigurationList = 04F33F10285739A800DBFC28 /* Build configuration list for PBXNativeTarget "BU-ProdiaTests" */;
			buildPhases = (
				042085BCDAE4E3030FBE17BE /* [CP] Check Pods Manifest.lock */,
				04F33EF5285739A700DBFC28 /* Sources */,
				04F33EF6285739A700DBFC28 /* Frameworks */,
				04F33EF7285739A700DBFC28 /* Resources */,
			);
			buildRules = (
			);
			dependencies = (
				04F33EFB285739A700DBFC28 /* PBXTargetDependency */,
			);
			name = "BU-ProdiaTests";
			productName = "BU-ProdiaTests";
			productReference = 04F33EF9285739A700DBFC28 /* BU-ProdiaTests.xctest */;
			productType = "com.apple.product-type.bundle.unit-test";
		};
		04F33F02285739A800DBFC28 /* BU-ProdiaUITests */ = {
			isa = PBXNativeTarget;
			buildConfigurationList = 04F33F13285739A800DBFC28 /* Build configuration list for PBXNativeTarget "BU-ProdiaUITests" */;
			buildPhases = (
				545451E48D30EEF1D3765127 /* [CP] Check Pods Manifest.lock */,
				04F33EFF285739A800DBFC28 /* Sources */,
				04F33F00285739A800DBFC28 /* Frameworks */,
				04F33F01285739A800DBFC28 /* Resources */,
				C479E4122151FB728399618C /* [CP] Embed Pods Frameworks */,
			);
			buildRules = (
			);
			dependencies = (
				04F33F05285739A800DBFC28 /* PBXTargetDependency */,
			);
			name = "BU-ProdiaUITests";
			productName = "BU-ProdiaUITests";
			productReference = 04F33F03285739A800DBFC28 /* BU-ProdiaUITests.xctest */;
			productType = "com.apple.product-type.bundle.ui-testing";
		};
/* End PBXNativeTarget section */

/* Begin PBXProject section */
		04F33EDB285739A400DBFC28 /* Project object */ = {
			isa = PBXProject;
			attributes = {
				BuildIndependentTargetsInParallel = 1;
				LastSwiftUpdateCheck = 1310;
				LastUpgradeCheck = 1310;
				TargetAttributes = {
					04F33EE2285739A400DBFC28 = {
						CreatedOnToolsVersion = 13.1;
					};
					04F33EF8285739A700DBFC28 = {
						CreatedOnToolsVersion = 13.1;
						TestTargetID = 04F33EE2285739A400DBFC28;
					};
					04F33F02285739A800DBFC28 = {
						CreatedOnToolsVersion = 13.1;
						TestTargetID = 04F33EE2285739A400DBFC28;
					};
				};
			};
			buildConfigurationList = 04F33EDE285739A400DBFC28 /* Build configuration list for PBXProject "BU-Prodia" */;
			compatibilityVersion = "Xcode 13.0";
			developmentRegion = en;
			hasScannedForEncodings = 0;
			knownRegions = (
				en,
				Base,
			);
			mainGroup = 04F33EDA285739A400DBFC28;
			productRefGroup = 04F33EE4285739A400DBFC28 /* Products */;
			projectDirPath = "";
			projectRoot = "";
			targets = (
				04F33EE2285739A400DBFC28 /* BU-Prodia */,
				04F33EF8285739A700DBFC28 /* BU-ProdiaTests */,
				04F33F02285739A800DBFC28 /* BU-ProdiaUITests */,
			);
		};
/* End PBXProject section */

/* Begin PBXResourcesBuildPhase section */
		04F33EE1285739A400DBFC28 /* Resources */ = {
			isa = PBXResourcesBuildPhase;
			buildActionMask = 2147483647;
			files = (
				04AEE81628594FE000E5B94D /* FeedBackAdviceCell.xib in Resources */,
				04F33EF3285739A700DBFC28 /* LaunchScreen.storyboard in Resources */,
				048FDFEE285986C8001C7452 /* FeedBackScheduleRatingOveralCell.xib in Resources */,
				04A72BC2285865330066F67C /* FeedBackScheduleCell.xib in Resources */,
				04A72BC628586C4E0066F67C /* FeedBackStarCell.xib in Resources */,
				04A72BBE28584CF70066F67C /* FeedBackHeaderCell.xib in Resources */,
				04F33EF0285739A700DBFC28 /* Assets.xcassets in Resources */,
				04F33F1928573C1300DBFC28 /* FeedBackHSView.xib in Resources */,
				04F33EEE285739A400DBFC28 /* Main.storyboard in Resources */,
				048FDFE8285982B7001C7452 /* FeedBackHSRatingOveralView.xib in Resources */,
				048FDFE428597D75001C7452 /* FeedBackScheduleChatCell.xib in Resources */,
				04A4C4AA285990E10001587C /* FeedBackHeaderRatingOveralCell.xib in Resources */,
				04B478292858DB7E0089575D /* FeedBackActionCell.xib in Resources */,
				04B478252858D28A0089575D /* FeedBackHeaderAdviceCell.xib in Resources */,
				048FDFD928596DB1001C7452 /* FeedBackMessageCell.xib in Resources */,
				048FDFDF285978F5001C7452 /* FeedBackHSRatingChatView.xib in Resources */,
			);
			runOnlyForDeploymentPostprocessing = 0;
		};
		04F33EF7285739A700DBFC28 /* Resources */ = {
			isa = PBXResourcesBuildPhase;
			buildActionMask = 2147483647;
			files = (
			);
			runOnlyForDeploymentPostprocessing = 0;
		};
		04F33F01285739A800DBFC28 /* Resources */ = {
			isa = PBXResourcesBuildPhase;
			buildActionMask = 2147483647;
			files = (
			);
			runOnlyForDeploymentPostprocessing = 0;
		};
/* End PBXResourcesBuildPhase section */

/* Begin PBXShellScriptBuildPhase section */
		042085BCDAE4E3030FBE17BE /* [CP] Check Pods Manifest.lock */ = {
			isa = PBXShellScriptBuildPhase;
			buildActionMask = 2147483647;
			files = (
			);
			inputFileListPaths = (
			);
			inputPaths = (
				"${PODS_PODFILE_DIR_PATH}/Podfile.lock",
				"${PODS_ROOT}/Manifest.lock",
			);
			name = "[CP] Check Pods Manifest.lock";
			outputFileListPaths = (
			);
			outputPaths = (
				"$(DERIVED_FILE_DIR)/Pods-BU-ProdiaTests-checkManifestLockResult.txt",
			);
			runOnlyForDeploymentPostprocessing = 0;
			shellPath = /bin/sh;
			shellScript = "diff \"${PODS_PODFILE_DIR_PATH}/Podfile.lock\" \"${PODS_ROOT}/Manifest.lock\" > /dev/null\nif [ $? != 0 ] ; then\n    # print error to STDERR\n    echo \"error: The sandbox is not in sync with the Podfile.lock. Run 'pod install' or update your CocoaPods installation.\" >&2\n    exit 1\nfi\n# This output is used by Xcode 'outputs' to avoid re-running this script phase.\necho \"SUCCESS\" > \"${SCRIPT_OUTPUT_FILE_0}\"\n";
			showEnvVarsInLog = 0;
		};
		545451E48D30EEF1D3765127 /* [CP] Check Pods Manifest.lock */ = {
			isa = PBXShellScriptBuildPhase;
			buildActionMask = 2147483647;
			files = (
			);
			inputFileListPaths = (
			);
			inputPaths = (
				"${PODS_PODFILE_DIR_PATH}/Podfile.lock",
				"${PODS_ROOT}/Manifest.lock",
			);
			name = "[CP] Check Pods Manifest.lock";
			outputFileListPaths = (
			);
			outputPaths = (
				"$(DERIVED_FILE_DIR)/Pods-BU-Prodia-BU-ProdiaUITests-checkManifestLockResult.txt",
			);
			runOnlyForDeploymentPostprocessing = 0;
			shellPath = /bin/sh;
			shellScript = "diff \"${PODS_PODFILE_DIR_PATH}/Podfile.lock\" \"${PODS_ROOT}/Manifest.lock\" > /dev/null\nif [ $? != 0 ] ; then\n    # print error to STDERR\n    echo \"error: The sandbox is not in sync with the Podfile.lock. Run 'pod install' or update your CocoaPods installation.\" >&2\n    exit 1\nfi\n# This output is used by Xcode 'outputs' to avoid re-running this script phase.\necho \"SUCCESS\" > \"${SCRIPT_OUTPUT_FILE_0}\"\n";
			showEnvVarsInLog = 0;
		};
		BB56B0D5C154C4D114C1E42E /* [CP] Check Pods Manifest.lock */ = {
			isa = PBXShellScriptBuildPhase;
			buildActionMask = 2147483647;
			files = (
			);
			inputFileListPaths = (
			);
			inputPaths = (
				"${PODS_PODFILE_DIR_PATH}/Podfile.lock",
				"${PODS_ROOT}/Manifest.lock",
			);
			name = "[CP] Check Pods Manifest.lock";
			outputFileListPaths = (
			);
			outputPaths = (
				"$(DERIVED_FILE_DIR)/Pods-BU-Prodia-checkManifestLockResult.txt",
			);
			runOnlyForDeploymentPostprocessing = 0;
			shellPath = /bin/sh;
			shellScript = "diff \"${PODS_PODFILE_DIR_PATH}/Podfile.lock\" \"${PODS_ROOT}/Manifest.lock\" > /dev/null\nif [ $? != 0 ] ; then\n    # print error to STDERR\n    echo \"error: The sandbox is not in sync with the Podfile.lock. Run 'pod install' or update your CocoaPods installation.\" >&2\n    exit 1\nfi\n# This output is used by Xcode 'outputs' to avoid re-running this script phase.\necho \"SUCCESS\" > \"${SCRIPT_OUTPUT_FILE_0}\"\n";
			showEnvVarsInLog = 0;
		};
		C01A9CB06B4A15209560D10D /* [CP] Embed Pods Frameworks */ = {
			isa = PBXShellScriptBuildPhase;
			buildActionMask = 2147483647;
			files = (
			);
			inputFileListPaths = (
				"${PODS_ROOT}/Target Support Files/Pods-BU-Prodia/Pods-BU-Prodia-frameworks-${CONFIGURATION}-input-files.xcfilelist",
			);
			name = "[CP] Embed Pods Frameworks";
			outputFileListPaths = (
				"${PODS_ROOT}/Target Support Files/Pods-BU-Prodia/Pods-BU-Prodia-frameworks-${CONFIGURATION}-output-files.xcfilelist",
			);
			runOnlyForDeploymentPostprocessing = 0;
			shellPath = /bin/sh;
			shellScript = "\"${PODS_ROOT}/Target Support Files/Pods-BU-Prodia/Pods-BU-Prodia-frameworks.sh\"\n";
			showEnvVarsInLog = 0;
		};
		C479E4122151FB728399618C /* [CP] Embed Pods Frameworks */ = {
			isa = PBXShellScriptBuildPhase;
			buildActionMask = 2147483647;
			files = (
			);
			inputFileListPaths = (
				"${PODS_ROOT}/Target Support Files/Pods-BU-Prodia-BU-ProdiaUITests/Pods-BU-Prodia-BU-ProdiaUITests-frameworks-${CONFIGURATION}-input-files.xcfilelist",
			);
			name = "[CP] Embed Pods Frameworks";
			outputFileListPaths = (
				"${PODS_ROOT}/Target Support Files/Pods-BU-Prodia-BU-ProdiaUITests/Pods-BU-Prodia-BU-ProdiaUITests-frameworks-${CONFIGURATION}-output-files.xcfilelist",
			);
			runOnlyForDeploymentPostprocessing = 0;
			shellPath = /bin/sh;
			shellScript = "\"${PODS_ROOT}/Target Support Files/Pods-BU-Prodia-BU-ProdiaUITests/Pods-BU-Prodia-BU-ProdiaUITests-frameworks.sh\"\n";
			showEnvVarsInLog = 0;
		};
/* End PBXShellScriptBuildPhase section */

/* Begin PBXSourcesBuildPhase section */
		04F33EDF285739A400DBFC28 /* Sources */ = {
			isa = PBXSourcesBuildPhase;
			buildActionMask = 2147483647;
			files = (
				04F33EEB285739A400DBFC28 /* ViewController.swift in Sources */,
				048FDFEF285986C8001C7452 /* FeedBackScheduleRatingOveralCell.swift in Sources */,
				04A72BC1285865330066F67C /* FeedBackScheduleCell.swift in Sources */,
				048FDFD828596DB1001C7452 /* FeedBackMessageCell.swift in Sources */,
				04F33EE7285739A400DBFC28 /* AppDelegate.swift in Sources */,
				048FDFE528597D75001C7452 /* FeedBackScheduleChatCell.swift in Sources */,
				04B478242858D28A0089575D /* FeedBackHeaderAdviceCell.swift in Sources */,
				04F33F1828573C1300DBFC28 /* FeedBackHSView.swift in Sources */,
				04A72BBD28584CF70066F67C /* FeedBackHeaderCell.swift in Sources */,
				048FDFE9285982B7001C7452 /* FeedBackHSRatingOveralView.swift in Sources */,
				04A4C4A9285990E10001587C /* FeedBackHeaderRatingOveralCell.swift in Sources */,
				04A72BC528586C4E0066F67C /* FeedBackStarCell.swift in Sources */,
				048FDFE1285979D6001C7452 /* FeedBackRatingChatViewModel.swift in Sources */,
				04AEE81528594FE000E5B94D /* FeedBackAdviceCell.swift in Sources */,
				04AEE8122859460800E5B94D /* FeedBackViewModel.swift in Sources */,
				04B478282858DB7E0089575D /* FeedBackActionCell.swift in Sources */,
				04F33EE9285739A400DBFC28 /* SceneDelegate.swift in Sources */,
				048FDFDC28597871001C7452 /* FeedBackHSRatingChatView.swift in Sources */,
				048FDFEB28598499001C7452 /* FeedBackRatingOveralViewModel.swift in Sources */,
			);
			runOnlyForDeploymentPostprocessing = 0;
		};
		04F33EF5285739A700DBFC28 /* Sources */ = {
			isa = PBXSourcesBuildPhase;
			buildActionMask = 2147483647;
			files = (
				04F33EFE285739A700DBFC28 /* BU_ProdiaTests.swift in Sources */,
			);
			runOnlyForDeploymentPostprocessing = 0;
		};
		04F33EFF285739A800DBFC28 /* Sources */ = {
			isa = PBXSourcesBuildPhase;
			buildActionMask = 2147483647;
			files = (
				04F33F0A285739A800DBFC28 /* BU_ProdiaUITestsLaunchTests.swift in Sources */,
				04F33F08285739A800DBFC28 /* BU_ProdiaUITests.swift in Sources */,
			);
			runOnlyForDeploymentPostprocessing = 0;
		};
/* End PBXSourcesBuildPhase section */

/* Begin PBXTargetDependency section */
		04F33EFB285739A700DBFC28 /* PBXTargetDependency */ = {
			isa = PBXTargetDependency;
			target = 04F33EE2285739A400DBFC28 /* BU-Prodia */;
			targetProxy = 04F33EFA285739A700DBFC28 /* PBXContainerItemProxy */;
		};
		04F33F05285739A800DBFC28 /* PBXTargetDependency */ = {
			isa = PBXTargetDependency;
			target = 04F33EE2285739A400DBFC28 /* BU-Prodia */;
			targetProxy = 04F33F04285739A800DBFC28 /* PBXContainerItemProxy */;
		};
/* End PBXTargetDependency section */

/* Begin PBXVariantGroup section */
		04F33EEC285739A400DBFC28 /* Main.storyboard */ = {
			isa = PBXVariantGroup;
			children = (
				04F33EED285739A400DBFC28 /* Base */,
			);
			name = Main.storyboard;
			sourceTree = "<group>";
		};
		04F33EF1285739A700DBFC28 /* LaunchScreen.storyboard */ = {
			isa = PBXVariantGroup;
			children = (
				04F33EF2285739A700DBFC28 /* Base */,
			);
			name = LaunchScreen.storyboard;
			sourceTree = "<group>";
		};
/* End PBXVariantGroup section */

/* Begin XCBuildConfiguration section */
		04F33F0B285739A800DBFC28 /* Debug */ = {
			isa = XCBuildConfiguration;
			buildSettings = {
				ALWAYS_SEARCH_USER_PATHS = NO;
				CLANG_ANALYZER_NONNULL = YES;
				CLANG_ANALYZER_NUMBER_OBJECT_CONVERSION = YES_AGGRESSIVE;
				CLANG_CXX_LANGUAGE_STANDARD = "gnu++17";
				CLANG_CXX_LIBRARY = "libc++";
				CLANG_ENABLE_MODULES = YES;
				CLANG_ENABLE_OBJC_ARC = YES;
				CLANG_ENABLE_OBJC_WEAK = YES;
				CLANG_WARN_BLOCK_CAPTURE_AUTORELEASING = YES;
				CLANG_WARN_BOOL_CONVERSION = YES;
				CLANG_WARN_COMMA = YES;
				CLANG_WARN_CONSTANT_CONVERSION = YES;
				CLANG_WARN_DEPRECATED_OBJC_IMPLEMENTATIONS = YES;
				CLANG_WARN_DIRECT_OBJC_ISA_USAGE = YES_ERROR;
				CLANG_WARN_DOCUMENTATION_COMMENTS = YES;
				CLANG_WARN_EMPTY_BODY = YES;
				CLANG_WARN_ENUM_CONVERSION = YES;
				CLANG_WARN_INFINITE_RECURSION = YES;
				CLANG_WARN_INT_CONVERSION = YES;
				CLANG_WARN_NON_LITERAL_NULL_CONVERSION = YES;
				CLANG_WARN_OBJC_IMPLICIT_RETAIN_SELF = YES;
				CLANG_WARN_OBJC_LITERAL_CONVERSION = YES;
				CLANG_WARN_OBJC_ROOT_CLASS = YES_ERROR;
				CLANG_WARN_QUOTED_INCLUDE_IN_FRAMEWORK_HEADER = YES;
				CLANG_WARN_RANGE_LOOP_ANALYSIS = YES;
				CLANG_WARN_STRICT_PROTOTYPES = YES;
				CLANG_WARN_SUSPICIOUS_MOVE = YES;
				CLANG_WARN_UNGUARDED_AVAILABILITY = YES_AGGRESSIVE;
				CLANG_WARN_UNREACHABLE_CODE = YES;
				CLANG_WARN__DUPLICATE_METHOD_MATCH = YES;
				COPY_PHASE_STRIP = NO;
				DEBUG_INFORMATION_FORMAT = dwarf;
				ENABLE_STRICT_OBJC_MSGSEND = YES;
				ENABLE_TESTABILITY = YES;
				GCC_C_LANGUAGE_STANDARD = gnu11;
				GCC_DYNAMIC_NO_PIC = NO;
				GCC_NO_COMMON_BLOCKS = YES;
				GCC_OPTIMIZATION_LEVEL = 0;
				GCC_PREPROCESSOR_DEFINITIONS = (
					"DEBUG=1",
					"$(inherited)",
				);
				GCC_WARN_64_TO_32_BIT_CONVERSION = YES;
				GCC_WARN_ABOUT_RETURN_TYPE = YES_ERROR;
				GCC_WARN_UNDECLARED_SELECTOR = YES;
				GCC_WARN_UNINITIALIZED_AUTOS = YES_AGGRESSIVE;
				GCC_WARN_UNUSED_FUNCTION = YES;
				GCC_WARN_UNUSED_VARIABLE = YES;
				IPHONEOS_DEPLOYMENT_TARGET = 15.0;
				MTL_ENABLE_DEBUG_INFO = INCLUDE_SOURCE;
				MTL_FAST_MATH = YES;
				ONLY_ACTIVE_ARCH = YES;
				SDKROOT = iphoneos;
				SWIFT_ACTIVE_COMPILATION_CONDITIONS = DEBUG;
				SWIFT_OPTIMIZATION_LEVEL = "-Onone";
			};
			name = Debug;
		};
		04F33F0C285739A800DBFC28 /* Release */ = {
			isa = XCBuildConfiguration;
			buildSettings = {
				ALWAYS_SEARCH_USER_PATHS = NO;
				CLANG_ANALYZER_NONNULL = YES;
				CLANG_ANALYZER_NUMBER_OBJECT_CONVERSION = YES_AGGRESSIVE;
				CLANG_CXX_LANGUAGE_STANDARD = "gnu++17";
				CLANG_CXX_LIBRARY = "libc++";
				CLANG_ENABLE_MODULES = YES;
				CLANG_ENABLE_OBJC_ARC = YES;
				CLANG_ENABLE_OBJC_WEAK = YES;
				CLANG_WARN_BLOCK_CAPTURE_AUTORELEASING = YES;
				CLANG_WARN_BOOL_CONVERSION = YES;
				CLANG_WARN_COMMA = YES;
				CLANG_WARN_CONSTANT_CONVERSION = YES;
				CLANG_WARN_DEPRECATED_OBJC_IMPLEMENTATIONS = YES;
				CLANG_WARN_DIRECT_OBJC_ISA_USAGE = YES_ERROR;
				CLANG_WARN_DOCUMENTATION_COMMENTS = YES;
				CLANG_WARN_EMPTY_BODY = YES;
				CLANG_WARN_ENUM_CONVERSION = YES;
				CLANG_WARN_INFINITE_RECURSION = YES;
				CLANG_WARN_INT_CONVERSION = YES;
				CLANG_WARN_NON_LITERAL_NULL_CONVERSION = YES;
				CLANG_WARN_OBJC_IMPLICIT_RETAIN_SELF = YES;
				CLANG_WARN_OBJC_LITERAL_CONVERSION = YES;
				CLANG_WARN_OBJC_ROOT_CLASS = YES_ERROR;
				CLANG_WARN_QUOTED_INCLUDE_IN_FRAMEWORK_HEADER = YES;
				CLANG_WARN_RANGE_LOOP_ANALYSIS = YES;
				CLANG_WARN_STRICT_PROTOTYPES = YES;
				CLANG_WARN_SUSPICIOUS_MOVE = YES;
				CLANG_WARN_UNGUARDED_AVAILABILITY = YES_AGGRESSIVE;
				CLANG_WARN_UNREACHABLE_CODE = YES;
				CLANG_WARN__DUPLICATE_METHOD_MATCH = YES;
				COPY_PHASE_STRIP = NO;
				DEBUG_INFORMATION_FORMAT = "dwarf-with-dsym";
				ENABLE_NS_ASSERTIONS = NO;
				ENABLE_STRICT_OBJC_MSGSEND = YES;
				GCC_C_LANGUAGE_STANDARD = gnu11;
				GCC_NO_COMMON_BLOCKS = YES;
				GCC_WARN_64_TO_32_BIT_CONVERSION = YES;
				GCC_WARN_ABOUT_RETURN_TYPE = YES_ERROR;
				GCC_WARN_UNDECLARED_SELECTOR = YES;
				GCC_WARN_UNINITIALIZED_AUTOS = YES_AGGRESSIVE;
				GCC_WARN_UNUSED_FUNCTION = YES;
				GCC_WARN_UNUSED_VARIABLE = YES;
				IPHONEOS_DEPLOYMENT_TARGET = 15.0;
				MTL_ENABLE_DEBUG_INFO = NO;
				MTL_FAST_MATH = YES;
				SDKROOT = iphoneos;
				SWIFT_COMPILATION_MODE = wholemodule;
				SWIFT_OPTIMIZATION_LEVEL = "-O";
				VALIDATE_PRODUCT = YES;
			};
			name = Release;
		};
		04F33F0E285739A800DBFC28 /* Debug */ = {
			isa = XCBuildConfiguration;
			baseConfigurationReference = 042342732F0639E54455ECE6 /* Pods-BU-Prodia.debug.xcconfig */;
			buildSettings = {
				ASSETCATALOG_COMPILER_APPICON_NAME = AppIcon;
				ASSETCATALOG_COMPILER_GLOBAL_ACCENT_COLOR_NAME = AccentColor;
				CODE_SIGN_STYLE = Automatic;
				CURRENT_PROJECT_VERSION = 1;
				DEVELOPMENT_TEAM = URQ4YHQ5W9;
				GENERATE_INFOPLIST_FILE = YES;
				INFOPLIST_FILE = "BU-Prodia/Info.plist";
				INFOPLIST_KEY_UIApplicationSupportsIndirectInputEvents = YES;
				INFOPLIST_KEY_UILaunchStoryboardName = LaunchScreen;
				INFOPLIST_KEY_UIMainStoryboardFile = Main;
				INFOPLIST_KEY_UISupportedInterfaceOrientations_iPad = "UIInterfaceOrientationPortrait UIInterfaceOrientationPortraitUpsideDown UIInterfaceOrientationLandscapeLeft UIInterfaceOrientationLandscapeRight";
				INFOPLIST_KEY_UISupportedInterfaceOrientations_iPhone = "UIInterfaceOrientationPortrait UIInterfaceOrientationLandscapeLeft UIInterfaceOrientationLandscapeRight";
				LD_RUNPATH_SEARCH_PATHS = (
					"$(inherited)",
					"@executable_path/Frameworks",
				);
				MARKETING_VERSION = 1.0;
				PRODUCT_BUNDLE_IDENTIFIER = "com.dicoding.academy.BU-Prodia";
				PRODUCT_NAME = "$(TARGET_NAME)";
				SWIFT_EMIT_LOC_STRINGS = YES;
				SWIFT_VERSION = 5.0;
				TARGETED_DEVICE_FAMILY = "1,2";
			};
			name = Debug;
		};
		04F33F0F285739A800DBFC28 /* Release */ = {
			isa = XCBuildConfiguration;
			baseConfigurationReference = 8F7E080F8ABCE7FDC02186AC /* Pods-BU-Prodia.release.xcconfig */;
			buildSettings = {
				ASSETCATALOG_COMPILER_APPICON_NAME = AppIcon;
				ASSETCATALOG_COMPILER_GLOBAL_ACCENT_COLOR_NAME = AccentColor;
				CODE_SIGN_STYLE = Automatic;
				CURRENT_PROJECT_VERSION = 1;
				DEVELOPMENT_TEAM = URQ4YHQ5W9;
				GENERATE_INFOPLIST_FILE = YES;
				INFOPLIST_FILE = "BU-Prodia/Info.plist";
				INFOPLIST_KEY_UIApplicationSupportsIndirectInputEvents = YES;
				INFOPLIST_KEY_UILaunchStoryboardName = LaunchScreen;
				INFOPLIST_KEY_UIMainStoryboardFile = Main;
				INFOPLIST_KEY_UISupportedInterfaceOrientations_iPad = "UIInterfaceOrientationPortrait UIInterfaceOrientationPortraitUpsideDown UIInterfaceOrientationLandscapeLeft UIInterfaceOrientationLandscapeRight";
				INFOPLIST_KEY_UISupportedInterfaceOrientations_iPhone = "UIInterfaceOrientationPortrait UIInterfaceOrientationLandscapeLeft UIInterfaceOrientationLandscapeRight";
				LD_RUNPATH_SEARCH_PATHS = (
					"$(inherited)",
					"@executable_path/Frameworks",
				);
				MARKETING_VERSION = 1.0;
				PRODUCT_BUNDLE_IDENTIFIER = "com.dicoding.academy.BU-Prodia";
				PRODUCT_NAME = "$(TARGET_NAME)";
				SWIFT_EMIT_LOC_STRINGS = YES;
				SWIFT_VERSION = 5.0;
				TARGETED_DEVICE_FAMILY = "1,2";
			};
			name = Release;
		};
		04F33F11285739A800DBFC28 /* Debug */ = {
			isa = XCBuildConfiguration;
			baseConfigurationReference = 26D0EAC9BC3324FD1475B998 /* Pods-BU-ProdiaTests.debug.xcconfig */;
			buildSettings = {
				ALWAYS_EMBED_SWIFT_STANDARD_LIBRARIES = YES;
				BUNDLE_LOADER = "$(TEST_HOST)";
				CODE_SIGN_STYLE = Automatic;
				CURRENT_PROJECT_VERSION = 1;
				DEVELOPMENT_TEAM = URQ4YHQ5W9;
				GENERATE_INFOPLIST_FILE = YES;
				IPHONEOS_DEPLOYMENT_TARGET = 15.0;
				LD_RUNPATH_SEARCH_PATHS = (
					"$(inherited)",
					"@executable_path/Frameworks",
					"@loader_path/Frameworks",
				);
				MARKETING_VERSION = 1.0;
				PRODUCT_BUNDLE_IDENTIFIER = "com.dicoding.academy.BU-ProdiaTests";
				PRODUCT_NAME = "$(TARGET_NAME)";
				SWIFT_EMIT_LOC_STRINGS = NO;
				SWIFT_VERSION = 5.0;
				TARGETED_DEVICE_FAMILY = "1,2";
				TEST_HOST = "$(BUILT_PRODUCTS_DIR)/BU-Prodia.app/BU-Prodia";
			};
			name = Debug;
		};
		04F33F12285739A800DBFC28 /* Release */ = {
			isa = XCBuildConfiguration;
			baseConfigurationReference = 8C1F2D5DE860F075BA52A9F3 /* Pods-BU-ProdiaTests.release.xcconfig */;
			buildSettings = {
				ALWAYS_EMBED_SWIFT_STANDARD_LIBRARIES = YES;
				BUNDLE_LOADER = "$(TEST_HOST)";
				CODE_SIGN_STYLE = Automatic;
				CURRENT_PROJECT_VERSION = 1;
				DEVELOPMENT_TEAM = URQ4YHQ5W9;
				GENERATE_INFOPLIST_FILE = YES;
				IPHONEOS_DEPLOYMENT_TARGET = 15.0;
				LD_RUNPATH_SEARCH_PATHS = (
					"$(inherited)",
					"@executable_path/Frameworks",
					"@loader_path/Frameworks",
				);
				MARKETING_VERSION = 1.0;
				PRODUCT_BUNDLE_IDENTIFIER = "com.dicoding.academy.BU-ProdiaTests";
				PRODUCT_NAME = "$(TARGET_NAME)";
				SWIFT_EMIT_LOC_STRINGS = NO;
				SWIFT_VERSION = 5.0;
				TARGETED_DEVICE_FAMILY = "1,2";
				TEST_HOST = "$(BUILT_PRODUCTS_DIR)/BU-Prodia.app/BU-Prodia";
			};
			name = Release;
		};
		04F33F14285739A800DBFC28 /* Debug */ = {
			isa = XCBuildConfiguration;
			baseConfigurationReference = CA52E75D1B0C4A63FDC88CAE /* Pods-BU-Prodia-BU-ProdiaUITests.debug.xcconfig */;
			buildSettings = {
				ALWAYS_EMBED_SWIFT_STANDARD_LIBRARIES = YES;
				CODE_SIGN_STYLE = Automatic;
				CURRENT_PROJECT_VERSION = 1;
				DEVELOPMENT_TEAM = URQ4YHQ5W9;
				GENERATE_INFOPLIST_FILE = YES;
				LD_RUNPATH_SEARCH_PATHS = (
					"$(inherited)",
					"@executable_path/Frameworks",
					"@loader_path/Frameworks",
				);
				MARKETING_VERSION = 1.0;
				PRODUCT_BUNDLE_IDENTIFIER = "com.dicoding.academy.BU-ProdiaUITests";
				PRODUCT_NAME = "$(TARGET_NAME)";
				SWIFT_EMIT_LOC_STRINGS = NO;
				SWIFT_VERSION = 5.0;
				TARGETED_DEVICE_FAMILY = "1,2";
				TEST_TARGET_NAME = "BU-Prodia";
			};
			name = Debug;
		};
		04F33F15285739A800DBFC28 /* Release */ = {
			isa = XCBuildConfiguration;
			baseConfigurationReference = 16B988ACE9F28C8CF9C94204 /* Pods-BU-Prodia-BU-ProdiaUITests.release.xcconfig */;
			buildSettings = {
				ALWAYS_EMBED_SWIFT_STANDARD_LIBRARIES = YES;
				CODE_SIGN_STYLE = Automatic;
				CURRENT_PROJECT_VERSION = 1;
				DEVELOPMENT_TEAM = URQ4YHQ5W9;
				GENERATE_INFOPLIST_FILE = YES;
				LD_RUNPATH_SEARCH_PATHS = (
					"$(inherited)",
					"@executable_path/Frameworks",
					"@loader_path/Frameworks",
				);
				MARKETING_VERSION = 1.0;
				PRODUCT_BUNDLE_IDENTIFIER = "com.dicoding.academy.BU-ProdiaUITests";
				PRODUCT_NAME = "$(TARGET_NAME)";
				SWIFT_EMIT_LOC_STRINGS = NO;
				SWIFT_VERSION = 5.0;
				TARGETED_DEVICE_FAMILY = "1,2";
				TEST_TARGET_NAME = "BU-Prodia";
			};
			name = Release;
		};
/* End XCBuildConfiguration section */

/* Begin XCConfigurationList section */
		04F33EDE285739A400DBFC28 /* Build configuration list for PBXProject "BU-Prodia" */ = {
			isa = XCConfigurationList;
			buildConfigurations = (
				04F33F0B285739A800DBFC28 /* Debug */,
				04F33F0C285739A800DBFC28 /* Release */,
			);
			defaultConfigurationIsVisible = 0;
			defaultConfigurationName = Release;
		};
		04F33F0D285739A800DBFC28 /* Build configuration list for PBXNativeTarget "BU-Prodia" */ = {
			isa = XCConfigurationList;
			buildConfigurations = (
				04F33F0E285739A800DBFC28 /* Debug */,
				04F33F0F285739A800DBFC28 /* Release */,
			);
			defaultConfigurationIsVisible = 0;
			defaultConfigurationName = Release;
		};
		04F33F10285739A800DBFC28 /* Build configuration list for PBXNativeTarget "BU-ProdiaTests" */ = {
			isa = XCConfigurationList;
			buildConfigurations = (
				04F33F11285739A800DBFC28 /* Debug */,
				04F33F12285739A800DBFC28 /* Release */,
			);
			defaultConfigurationIsVisible = 0;
			defaultConfigurationName = Release;
		};
		04F33F13285739A800DBFC28 /* Build configuration list for PBXNativeTarget "BU-ProdiaUITests" */ = {
			isa = XCConfigurationList;
			buildConfigurations = (
				04F33F14285739A800DBFC28 /* Debug */,
				04F33F15285739A800DBFC28 /* Release */,
			);
			defaultConfigurationIsVisible = 0;
			defaultConfigurationName = Release;
		};
/* End XCConfigurationList section */
	};
	rootObject = 04F33EDB285739A400DBFC28 /* Project object */;
}
